// !$*UTF8*$!
{
	archiveVersion = 1;
	classes = {
	};
	objectVersion = 50;
	objects = {

/* Begin PBXBuildFile section */
		036518BD26A5B67B00604A55 /* AppDelegate.swift in Sources */ = {isa = PBXBuildFile; fileRef = 036518BC26A5B67B00604A55 /* AppDelegate.swift */; };
		036518BF26A5B67B00604A55 /* SceneDelegate.swift in Sources */ = {isa = PBXBuildFile; fileRef = 036518BE26A5B67B00604A55 /* SceneDelegate.swift */; };
		036518C126A5B67B00604A55 /* ViewController.swift in Sources */ = {isa = PBXBuildFile; fileRef = 036518C026A5B67B00604A55 /* ViewController.swift */; };
		036518C426A5B67B00604A55 /* Main.storyboard in Resources */ = {isa = PBXBuildFile; fileRef = 036518C226A5B67B00604A55 /* Main.storyboard */; };
		036518C626A5B67D00604A55 /* Assets.xcassets in Resources */ = {isa = PBXBuildFile; fileRef = 036518C526A5B67D00604A55 /* Assets.xcassets */; };
		036518C926A5B67D00604A55 /* LaunchScreen.storyboard in Resources */ = {isa = PBXBuildFile; fileRef = 036518C726A5B67D00604A55 /* LaunchScreen.storyboard */; };
		036518D426A5B67D00604A55 /* DdayTests.swift in Sources */ = {isa = PBXBuildFile; fileRef = 036518D326A5B67D00604A55 /* DdayTests.swift */; };
		036518DF26A5B67D00604A55 /* DdayUITests.swift in Sources */ = {isa = PBXBuildFile; fileRef = 036518DE26A5B67D00604A55 /* DdayUITests.swift */; };
		0367F7C926A900AA004DC581 /* Add.swift in Sources */ = {isa = PBXBuildFile; fileRef = 0367F7C826A900AA004DC581 /* Add.swift */; };
/* End PBXBuildFile section */

/* Begin PBXContainerItemProxy section */
		036518D026A5B67D00604A55 /* PBXContainerItemProxy */ = {
			isa = PBXContainerItemProxy;
			containerPortal = 036518B126A5B67B00604A55 /* Project object */;
			proxyType = 1;
			remoteGlobalIDString = 036518B826A5B67B00604A55;
			remoteInfo = Dday;
		};
		036518DB26A5B67D00604A55 /* PBXContainerItemProxy */ = {
			isa = PBXContainerItemProxy;
			containerPortal = 036518B126A5B67B00604A55 /* Project object */;
			proxyType = 1;
			remoteGlobalIDString = 036518B826A5B67B00604A55;
			remoteInfo = Dday;
		};
/* End PBXContainerItemProxy section */

/* Begin PBXFileReference section */
		036518B926A5B67B00604A55 /* Dday.app */ = {isa = PBXFileReference; explicitFileType = wrapper.application; includeInIndex = 0; path = Dday.app; sourceTree = BUILT_PRODUCTS_DIR; };
		036518BC26A5B67B00604A55 /* AppDelegate.swift */ = {isa = PBXFileReference; lastKnownFileType = sourcecode.swift; path = AppDelegate.swift; sourceTree = "<group>"; };
		036518BE26A5B67B00604A55 /* SceneDelegate.swift */ = {isa = PBXFileReference; lastKnownFileType = sourcecode.swift; path = SceneDelegate.swift; sourceTree = "<group>"; };
		036518C026A5B67B00604A55 /* ViewController.swift */ = {isa = PBXFileReference; lastKnownFileType = sourcecode.swift; path = ViewController.swift; sourceTree = "<group>"; };
		036518C326A5B67B00604A55 /* Base */ = {isa = PBXFileReference; lastKnownFileType = file.storyboard; name = Base; path = Base.lproj/Main.storyboard; sourceTree = "<group>"; };
		036518C526A5B67D00604A55 /* Assets.xcassets */ = {isa = PBXFileReference; lastKnownFileType = folder.assetcatalog; path = Assets.xcassets; sourceTree = "<group>"; };
		036518C826A5B67D00604A55 /* Base */ = {isa = PBXFileReference; lastKnownFileType = file.storyboard; name = Base; path = Base.lproj/LaunchScreen.storyboard; sourceTree = "<group>"; };
		036518CA26A5B67D00604A55 /* Info.plist */ = {isa = PBXFileReference; lastKnownFileType = text.plist.xml; path = Info.plist; sourceTree = "<group>"; };
		036518CF26A5B67D00604A55 /* DdayTests.xctest */ = {isa = PBXFileReference; explicitFileType = wrapper.cfbundle; includeInIndex = 0; path = DdayTests.xctest; sourceTree = BUILT_PRODUCTS_DIR; };
		036518D326A5B67D00604A55 /* DdayTests.swift */ = {isa = PBXFileReference; lastKnownFileType = sourcecode.swift; path = DdayTests.swift; sourceTree = "<group>"; };
		036518D526A5B67D00604A55 /* Info.plist */ = {isa = PBXFileReference; lastKnownFileType = text.plist.xml; path = Info.plist; sourceTree = "<group>"; };
		036518DA26A5B67D00604A55 /* DdayUITests.xctest */ = {isa = PBXFileReference; explicitFileType = wrapper.cfbundle; includeInIndex = 0; path = DdayUITests.xctest; sourceTree = BUILT_PRODUCTS_DIR; };
		036518DE26A5B67D00604A55 /* DdayUITests.swift */ = {isa = PBXFileReference; lastKnownFileType = sourcecode.swift; path = DdayUITests.swift; sourceTree = "<group>"; };
		036518E026A5B67D00604A55 /* Info.plist */ = {isa = PBXFileReference; lastKnownFileType = text.plist.xml; path = Info.plist; sourceTree = "<group>"; };
		0367F7BB26A8FF50004DC581 /* Dday */ = {isa = PBXFileReference; lastKnownFileType = folder; name = Dday; sourceTree = "<group>"; };
		0367F7C826A900AA004DC581 /* Add.swift */ = {isa = PBXFileReference; lastKnownFileType = sourcecode.swift; path = Add.swift; sourceTree = "<group>"; };
/* End PBXFileReference section */

/* Begin PBXFrameworksBuildPhase section */
		036518B626A5B67B00604A55 /* Frameworks */ = {
			isa = PBXFrameworksBuildPhase;
			buildActionMask = 2147483647;
			files = (
			);
			runOnlyForDeploymentPostprocessing = 0;
		};
		036518CC26A5B67D00604A55 /* Frameworks */ = {
			isa = PBXFrameworksBuildPhase;
			buildActionMask = 2147483647;
			files = (
			);
			runOnlyForDeploymentPostprocessing = 0;
		};
		036518D726A5B67D00604A55 /* Frameworks */ = {
			isa = PBXFrameworksBuildPhase;
			buildActionMask = 2147483647;
			files = (
			);
			runOnlyForDeploymentPostprocessing = 0;
		};
/* End PBXFrameworksBuildPhase section */

/* Begin PBXGroup section */
		036518B026A5B67A00604A55 = {
			isa = PBXGroup;
			children = (
				036518BB26A5B67B00604A55 /* Dday */,
				036518D226A5B67D00604A55 /* DdayTests */,
				036518DD26A5B67D00604A55 /* DdayUITests */,
				036518BA26A5B67B00604A55 /* Products */,
			);
			sourceTree = "<group>";
		};
		036518BA26A5B67B00604A55 /* Products */ = {
			isa = PBXGroup;
			children = (
				036518B926A5B67B00604A55 /* Dday.app */,
				036518CF26A5B67D00604A55 /* DdayTests.xctest */,
				036518DA26A5B67D00604A55 /* DdayUITests.xctest */,
			);
			name = Products;
			sourceTree = "<group>";
		};
		036518BB26A5B67B00604A55 /* Dday */ = {
			isa = PBXGroup;
			children = (
				036518BC26A5B67B00604A55 /* AppDelegate.swift */,
				036518BE26A5B67B00604A55 /* SceneDelegate.swift */,
				036518C026A5B67B00604A55 /* ViewController.swift */,
				0367F7BB26A8FF50004DC581 /* Dday */,
				036518C226A5B67B00604A55 /* Main.storyboard */,
				0367F7C826A900AA004DC581 /* Add.swift */,
				036518C526A5B67D00604A55 /* Assets.xcassets */,
				036518C726A5B67D00604A55 /* LaunchScreen.storyboard */,
				036518CA26A5B67D00604A55 /* Info.plist */,
			);
			path = Dday;
			sourceTree = "<group>";
		};
		036518D226A5B67D00604A55 /* DdayTests */ = {
			isa = PBXGroup;
			children = (
				036518D326A5B67D00604A55 /* DdayTests.swift */,
				036518D526A5B67D00604A55 /* Info.plist */,
			);
			path = DdayTests;
			sourceTree = "<group>";
		};
		036518DD26A5B67D00604A55 /* DdayUITests */ = {
			isa = PBXGroup;
			children = (
				036518DE26A5B67D00604A55 /* DdayUITests.swift */,
				036518E026A5B67D00604A55 /* Info.plist */,
			);
			path = DdayUITests;
			sourceTree = "<group>";
		};
/* End PBXGroup section */

/* Begin PBXNativeTarget section */
		036518B826A5B67B00604A55 /* Dday */ = {
			isa = PBXNativeTarget;
			buildConfigurationList = 036518E326A5B67D00604A55 /* Build configuration list for PBXNativeTarget "Dday" */;
			buildPhases = (
				036518B526A5B67B00604A55 /* Sources */,
				036518B626A5B67B00604A55 /* Frameworks */,
				036518B726A5B67B00604A55 /* Resources */,
			);
			buildRules = (
			);
			dependencies = (
			);
			name = Dday;
			productName = Dday;
			productReference = 036518B926A5B67B00604A55 /* Dday.app */;
			productType = "com.apple.product-type.application";
		};
		036518CE26A5B67D00604A55 /* DdayTests */ = {
			isa = PBXNativeTarget;
			buildConfigurationList = 036518E626A5B67D00604A55 /* Build configuration list for PBXNativeTarget "DdayTests" */;
			buildPhases = (
				036518CB26A5B67D00604A55 /* Sources */,
				036518CC26A5B67D00604A55 /* Frameworks */,
				036518CD26A5B67D00604A55 /* Resources */,
			);
			buildRules = (
			);
			dependencies = (
				036518D126A5B67D00604A55 /* PBXTargetDependency */,
			);
			name = DdayTests;
			productName = DdayTests;
			productReference = 036518CF26A5B67D00604A55 /* DdayTests.xctest */;
			productType = "com.apple.product-type.bundle.unit-test";
		};
		036518D926A5B67D00604A55 /* DdayUITests */ = {
			isa = PBXNativeTarget;
			buildConfigurationList = 036518E926A5B67D00604A55 /* Build configuration list for PBXNativeTarget "DdayUITests" */;
			buildPhases = (
				036518D626A5B67D00604A55 /* Sources */,
				036518D726A5B67D00604A55 /* Frameworks */,
				036518D826A5B67D00604A55 /* Resources */,
			);
			buildRules = (
			);
			dependencies = (
				036518DC26A5B67D00604A55 /* PBXTargetDependency */,
			);
			name = DdayUITests;
			productName = DdayUITests;
			productReference = 036518DA26A5B67D00604A55 /* DdayUITests.xctest */;
			productType = "com.apple.product-type.bundle.ui-testing";
		};
/* End PBXNativeTarget section */

/* Begin PBXProject section */
		036518B126A5B67B00604A55 /* Project object */ = {
			isa = PBXProject;
			attributes = {
				LastSwiftUpdateCheck = 1230;
				LastUpgradeCheck = 1230;
				TargetAttributes = {
					036518B826A5B67B00604A55 = {
						CreatedOnToolsVersion = 12.3;
					};
					036518CE26A5B67D00604A55 = {
						CreatedOnToolsVersion = 12.3;
						TestTargetID = 036518B826A5B67B00604A55;
					};
					036518D926A5B67D00604A55 = {
						CreatedOnToolsVersion = 12.3;
						TestTargetID = 036518B826A5B67B00604A55;
					};
				};
			};
			buildConfigurationList = 036518B426A5B67B00604A55 /* Build configuration list for PBXProject "Dday" */;
			compatibilityVersion = "Xcode 9.3";
			developmentRegion = en;
			hasScannedForEncodings = 0;
			knownRegions = (
				en,
				Base,
			);
			mainGroup = 036518B026A5B67A00604A55;
			productRefGroup = 036518BA26A5B67B00604A55 /* Products */;
			projectDirPath = "";
			projectRoot = "";
			targets = (
				036518B826A5B67B00604A55 /* Dday */,
				036518CE26A5B67D00604A55 /* DdayTests */,
				036518D926A5B67D00604A55 /* DdayUITests */,
			);
		};
/* End PBXProject section */

/* Begin PBXResourcesBuildPhase section */
		036518B726A5B67B00604A55 /* Resources */ = {
			isa = PBXResourcesBuildPhase;
			buildActionMask = 2147483647;
			files = (
				036518C926A5B67D00604A55 /* LaunchScreen.storyboard in Resources */,
				036518C626A5B67D00604A55 /* Assets.xcassets in Resources */,
				036518C426A5B67B00604A55 /* Main.storyboard in Resources */,
			);
			runOnlyForDeploymentPostprocessing = 0;
		};
		036518CD26A5B67D00604A55 /* Resources */ = {
			isa = PBXResourcesBuildPhase;
			buildActionMask = 2147483647;
			files = (
			);
			runOnlyForDeploymentPostprocessing = 0;
		};
		036518D826A5B67D00604A55 /* Resources */ = {
			isa = PBXResourcesBuildPhase;
			buildActionMask = 2147483647;
			files = (
			);
			runOnlyForDeploymentPostprocessing = 0;
		};
/* End PBXResourcesBuildPhase section */

/* Begin PBXSourcesBuildPhase section */
		036518B526A5B67B00604A55 /* Sources */ = {
			isa = PBXSourcesBuildPhase;
			buildActionMask = 2147483647;
			files = (
				036518C126A5B67B00604A55 /* ViewController.swift in Sources */,
				0367F7C926A900AA004DC581 /* Add.swift in Sources */,
				036518BD26A5B67B00604A55 /* AppDelegate.swift in Sources */,
				036518BF26A5B67B00604A55 /* SceneDelegate.swift in Sources */,
			);
			runOnlyForDeploymentPostprocessing = 0;
		};
		036518CB26A5B67D00604A55 /* Sources */ = {
			isa = PBXSourcesBuildPhase;
			buildActionMask = 2147483647;
			files = (
				036518D426A5B67D00604A55 /* DdayTests.swift in Sources */,
			);
			runOnlyForDeploymentPostprocessing = 0;
		};
		036518D626A5B67D00604A55 /* Sources */ = {
			isa = PBXSourcesBuildPhase;
			buildActionMask = 2147483647;
			files = (
				036518DF26A5B67D00604A55 /* DdayUITests.swift in Sources */,
			);
			runOnlyForDeploymentPostprocessing = 0;
		};
/* End PBXSourcesBuildPhase section */

/* Begin PBXTargetDependency section */
		036518D126A5B67D00604A55 /* PBXTargetDependency */ = {
			isa = PBXTargetDependency;
			target = 036518B826A5B67B00604A55 /* Dday */;
			targetProxy = 036518D026A5B67D00604A55 /* PBXContainerItemProxy */;
		};
		036518DC26A5B67D00604A55 /* PBXTargetDependency */ = {
			isa = PBXTargetDependency;
			target = 036518B826A5B67B00604A55 /* Dday */;
			targetProxy = 036518DB26A5B67D00604A55 /* PBXContainerItemProxy */;
		};
/* End PBXTargetDependency section */

/* Begin PBXVariantGroup section */
		036518C226A5B67B00604A55 /* Main.storyboard */ = {
			isa = PBXVariantGroup;
			children = (
				036518C326A5B67B00604A55 /* Base */,
			);
			name = Main.storyboard;
			sourceTree = "<group>";
		};
		036518C726A5B67D00604A55 /* LaunchScreen.storyboard */ = {
			isa = PBXVariantGroup;
			children = (
				036518C826A5B67D00604A55 /* Base */,
			);
			name = LaunchScreen.storyboard;
			sourceTree = "<group>";
		};
/* End PBXVariantGroup section */

/* Begin XCBuildConfiguration section */
		036518E126A5B67D00604A55 /* Debug */ = {
			isa = XCBuildConfiguration;
			buildSettings = {
				ALWAYS_SEARCH_USER_PATHS = NO;
				CLANG_ANALYZER_NONNULL = YES;
				CLANG_ANALYZER_NUMBER_OBJECT_CONVERSION = YES_AGGRESSIVE;
				CLANG_CXX_LANGUAGE_STANDARD = "gnu++14";
				CLANG_CXX_LIBRARY = "libc++";
				CLANG_ENABLE_MODULES = YES;
				CLANG_ENABLE_OBJC_ARC = YES;
				CLANG_ENABLE_OBJC_WEAK = YES;
				CLANG_WARN_BLOCK_CAPTURE_AUTORELEASING = YES;
				CLANG_WARN_BOOL_CONVERSION = YES;
				CLANG_WARN_COMMA = YES;
				CLANG_WARN_CONSTANT_CONVERSION = YES;
				CLANG_WARN_DEPRECATED_OBJC_IMPLEMENTATIONS = YES;
				CLANG_WARN_DIRECT_OBJC_ISA_USAGE = YES_ERROR;
				CLANG_WARN_DOCUMENTATION_COMMENTS = YES;
				CLANG_WARN_EMPTY_BODY = YES;
				CLANG_WARN_ENUM_CONVERSION = YES;
				CLANG_WARN_INFINITE_RECURSION = YES;
				CLANG_WARN_INT_CONVERSION = YES;
				CLANG_WARN_NON_LITERAL_NULL_CONVERSION = YES;
				CLANG_WARN_OBJC_IMPLICIT_RETAIN_SELF = YES;
				CLANG_WARN_OBJC_LITERAL_CONVERSION = YES;
				CLANG_WARN_OBJC_ROOT_CLASS = YES_ERROR;
				CLANG_WARN_QUOTED_INCLUDE_IN_FRAMEWORK_HEADER = YES;
				CLANG_WARN_RANGE_LOOP_ANALYSIS = YES;
				CLANG_WARN_STRICT_PROTOTYPES = YES;
				CLANG_WARN_SUSPICIOUS_MOVE = YES;
				CLANG_WARN_UNGUARDED_AVAILABILITY = YES_AGGRESSIVE;
				CLANG_WARN_UNREACHABLE_CODE = YES;
				CLANG_WARN__DUPLICATE_METHOD_MATCH = YES;
				COPY_PHASE_STRIP = NO;
				DEBUG_INFORMATION_FORMAT = dwarf;
				ENABLE_STRICT_OBJC_MSGSEND = YES;
				ENABLE_TESTABILITY = YES;
				GCC_C_LANGUAGE_STANDARD = gnu11;
				GCC_DYNAMIC_NO_PIC = NO;
				GCC_NO_COMMON_BLOCKS = YES;
				GCC_OPTIMIZATION_LEVEL = 0;
				GCC_PREPROCESSOR_DEFINITIONS = (
					"DEBUG=1",
					"$(inherited)",
				);
				GCC_WARN_64_TO_32_BIT_CONVERSION = YES;
				GCC_WARN_ABOUT_RETURN_TYPE = YES_ERROR;
				GCC_WARN_UNDECLARED_SELECTOR = YES;
				GCC_WARN_UNINITIALIZED_AUTOS = YES_AGGRESSIVE;
				GCC_WARN_UNUSED_FUNCTION = YES;
				GCC_WARN_UNUSED_VARIABLE = YES;
				IPHONEOS_DEPLOYMENT_TARGET = 14.3;
				MTL_ENABLE_DEBUG_INFO = INCLUDE_SOURCE;
				MTL_FAST_MATH = YES;
				ONLY_ACTIVE_ARCH = YES;
				SDKROOT = iphoneos;
				SWIFT_ACTIVE_COMPILATION_CONDITIONS = DEBUG;
				SWIFT_OPTIMIZATION_LEVEL = "-Onone";
			};
			name = Debug;
		};
		036518E226A5B67D00604A55 /* Release */ = {
			isa = XCBuildConfiguration;
			buildSettings = {
				ALWAYS_SEARCH_USER_PATHS = NO;
				CLANG_ANALYZER_NONNULL = YES;
				CLANG_ANALYZER_NUMBER_OBJECT_CONVERSION = YES_AGGRESSIVE;
				CLANG_CXX_LANGUAGE_STANDARD = "gnu++14";
				CLANG_CXX_LIBRARY = "libc++";
				CLANG_ENABLE_MODULES = YES;
				CLANG_ENABLE_OBJC_ARC = YES;
				CLANG_ENABLE_OBJC_WEAK = YES;
				CLANG_WARN_BLOCK_CAPTURE_AUTORELEASING = YES;
				CLANG_WARN_BOOL_CONVERSION = YES;
				CLANG_WARN_COMMA = YES;
				CLANG_WARN_CONSTANT_CONVERSION = YES;
				CLANG_WARN_DEPRECATED_OBJC_IMPLEMENTATIONS = YES;
				CLANG_WARN_DIRECT_OBJC_ISA_USAGE = YES_ERROR;
				CLANG_WARN_DOCUMENTATION_COMMENTS = YES;
				CLANG_WARN_EMPTY_BODY = YES;
				CLANG_WARN_ENUM_CONVERSION = YES;
				CLANG_WARN_INFINITE_RECURSION = YES;
				CLANG_WARN_INT_CONVERSION = YES;
				CLANG_WARN_NON_LITERAL_NULL_CONVERSION = YES;
				CLANG_WARN_OBJC_IMPLICIT_RETAIN_SELF = YES;
				CLANG_WARN_OBJC_LITERAL_CONVERSION = YES;
				CLANG_WARN_OBJC_ROOT_CLASS = YES_ERROR;
				CLANG_WARN_QUOTED_INCLUDE_IN_FRAMEWORK_HEADER = YES;
				CLANG_WARN_RANGE_LOOP_ANALYSIS = YES;
				CLANG_WARN_STRICT_PROTOTYPES = YES;
				CLANG_WARN_SUSPICIOUS_MOVE = YES;
				CLANG_WARN_UNGUARDED_AVAILABILITY = YES_AGGRESSIVE;
				CLANG_WARN_UNREACHABLE_CODE = YES;
				CLANG_WARN__DUPLICATE_METHOD_MATCH = YES;
				COPY_PHASE_STRIP = NO;
				DEBUG_INFORMATION_FORMAT = "dwarf-with-dsym";
				ENABLE_NS_ASSERTIONS = NO;
				ENABLE_STRICT_OBJC_MSGSEND = YES;
				GCC_C_LANGUAGE_STANDARD = gnu11;
				GCC_NO_COMMON_BLOCKS = YES;
				GCC_WARN_64_TO_32_BIT_CONVERSION = YES;
				GCC_WARN_ABOUT_RETURN_TYPE = YES_ERROR;
				GCC_WARN_UNDECLARED_SELECTOR = YES;
				GCC_WARN_UNINITIALIZED_AUTOS = YES_AGGRESSIVE;
				GCC_WARN_UNUSED_FUNCTION = YES;
				GCC_WARN_UNUSED_VARIABLE = YES;
				IPHONEOS_DEPLOYMENT_TARGET = 14.3;
				MTL_ENABLE_DEBUG_INFO = NO;
				MTL_FAST_MATH = YES;
				SDKROOT = iphoneos;
				SWIFT_COMPILATION_MODE = wholemodule;
				SWIFT_OPTIMIZATION_LEVEL = "-O";
				VALIDATE_PRODUCT = YES;
			};
			name = Release;
		};
		036518E426A5B67D00604A55 /* Debug */ = {
			isa = XCBuildConfiguration;
			buildSettings = {
				ASSETCATALOG_COMPILER_APPICON_NAME = AppIcon;
				ASSETCATALOG_COMPILER_GLOBAL_ACCENT_COLOR_NAME = AccentColor;
				CODE_SIGN_STYLE = Automatic;
				DEVELOPMENT_TEAM = F2YB4PBTB4;
				INFOPLIST_FILE = Dday/Info.plist;
				LD_RUNPATH_SEARCH_PATHS = (
					"$(inherited)",
					"@executable_path/Frameworks",
				);
				PRODUCT_BUNDLE_IDENTIFIER = sujin.Dday;
				PRODUCT_NAME = "$(TARGET_NAME)";
				SWIFT_VERSION = 5.0;
				TARGETED_DEVICE_FAMILY = 1;
			};
			name = Debug;
		};
		036518E526A5B67D00604A55 /* Release */ = {
			isa = XCBuildConfiguration;
			buildSettings = {
				ASSETCATALOG_COMPILER_APPICON_NAME = AppIcon;
				ASSETCATALOG_COMPILER_GLOBAL_ACCENT_COLOR_NAME = AccentColor;
				CODE_SIGN_STYLE = Automatic;
				DEVELOPMENT_TEAM = F2YB4PBTB4;
				INFOPLIST_FILE = Dday/Info.plist;
				LD_RUNPATH_SEARCH_PATHS = (
					"$(inherited)",
					"@executable_path/Frameworks",
				);
				PRODUCT_BUNDLE_IDENTIFIER = sujin.Dday;
				PRODUCT_NAME = "$(TARGET_NAME)";
				SWIFT_VERSION = 5.0;
				TARGETED_DEVICE_FAMILY = 1;
			};
			name = Release;
		};
		036518E726A5B67D00604A55 /* Debug */ = {
			isa = XCBuildConfiguration;
			buildSettings = {
				ALWAYS_EMBED_SWIFT_STANDARD_LIBRARIES = YES;
				BUNDLE_LOADER = "$(TEST_HOST)";
				CODE_SIGN_STYLE = Automatic;
				INFOPLIST_FILE = DdayTests/Info.plist;
				IPHONEOS_DEPLOYMENT_TARGET = 14.3;
				LD_RUNPATH_SEARCH_PATHS = (
					"$(inherited)",
					"@executable_path/Frameworks",
					"@loader_path/Frameworks",
				);
				PRODUCT_BUNDLE_IDENTIFIER = sujin.DdayTests;
				PRODUCT_NAME = "$(TARGET_NAME)";
				SWIFT_VERSION = 5.0;
				TARGETED_DEVICE_FAMILY = "1,2";
				TEST_HOST = "$(BUILT_PRODUCTS_DIR)/Dday.app/Dday";
			};
			name = Debug;
		};
		036518E826A5B67D00604A55 /* Release */ = {
			isa = XCBuildConfiguration;
			buildSettings = {
				ALWAYS_EMBED_SWIFT_STANDARD_LIBRARIES = YES;
				BUNDLE_LOADER = "$(TEST_HOST)";
				CODE_SIGN_STYLE = Automatic;
				INFOPLIST_FILE = DdayTests/Info.plist;
				IPHONEOS_DEPLOYMENT_TARGET = 14.3;
				LD_RUNPATH_SEARCH_PATHS = (
					"$(inherited)",
					"@executable_path/Frameworks",
					"@loader_path/Frameworks",
				);
				PRODUCT_BUNDLE_IDENTIFIER = sujin.DdayTests;
				PRODUCT_NAME = "$(TARGET_NAME)";
				SWIFT_VERSION = 5.0;
				TARGETED_DEVICE_FAMILY = "1,2";
				TEST_HOST = "$(BUILT_PRODUCTS_DIR)/Dday.app/Dday";
			};
			name = Release;
		};
		036518EA26A5B67D00604A55 /* Debug */ = {
			isa = XCBuildConfiguration;
			buildSettings = {
				ALWAYS_EMBED_SWIFT_STANDARD_LIBRARIES = YES;
				CODE_SIGN_STYLE = Automatic;
				INFOPLIST_FILE = DdayUITests/Info.plist;
				LD_RUNPATH_SEARCH_PATHS = (
					"$(inherited)",
					"@executable_path/Frameworks",
					"@loader_path/Frameworks",
				);
				PRODUCT_BUNDLE_IDENTIFIER = sujin.DdayUITests;
				PRODUCT_NAME = "$(TARGET_NAME)";
				SWIFT_VERSION = 5.0;
				TARGETED_DEVICE_FAMILY = "1,2";
				TEST_TARGET_NAME = Dday;
			};
			name = Debug;
		};
		036518EB26A5B67D00604A55 /* Release */ = {
			isa = XCBuildConfiguration;
			buildSettings = {
				ALWAYS_EMBED_SWIFT_STANDARD_LIBRARIES = YES;
				CODE_SIGN_STYLE = Automatic;
				INFOPLIST_FILE = DdayUITests/Info.plist;
				LD_RUNPATH_SEARCH_PATHS = (
					"$(inherited)",
					"@executable_path/Frameworks",
					"@loader_path/Frameworks",
				);
				PRODUCT_BUNDLE_IDENTIFIER = sujin.DdayUITests;
				PRODUCT_NAME = "$(TARGET_NAME)";
				SWIFT_VERSION = 5.0;
				TARGETED_DEVICE_FAMILY = "1,2";
				TEST_TARGET_NAME = Dday;
			};
			name = Release;
		};
/* End XCBuildConfiguration section */

/* Begin XCConfigurationList section */
		036518B426A5B67B00604A55 /* Build configuration list for PBXProject "Dday" */ = {
			isa = XCConfigurationList;
			buildConfigurations = (
				036518E126A5B67D00604A55 /* Debug */,
				036518E226A5B67D00604A55 /* Release */,
			);
			defaultConfigurationIsVisible = 0;
			defaultConfigurationName = Release;
		};
		036518E326A5B67D00604A55 /* Build configuration list for PBXNativeTarget "Dday" */ = {
			isa = XCConfigurationList;
			buildConfigurations = (
				036518E426A5B67D00604A55 /* Debug */,
				036518E526A5B67D00604A55 /* Release */,
			);
			defaultConfigurationIsVisible = 0;
			defaultConfigurationName = Release;
		};
		036518E626A5B67D00604A55 /* Build configuration list for PBXNativeTarget "DdayTests" */ = {
			isa = XCConfigurationList;
			buildConfigurations = (
				036518E726A5B67D00604A55 /* Debug */,
				036518E826A5B67D00604A55 /* Release */,
			);
			defaultConfigurationIsVisible = 0;
			defaultConfigurationName = Release;
		};
		036518E926A5B67D00604A55 /* Build configuration list for PBXNativeTarget "DdayUITests" */ = {
			isa = XCConfigurationList;
			buildConfigurations = (
				036518EA26A5B67D00604A55 /* Debug */,
				036518EB26A5B67D00604A55 /* Release */,
			);
			defaultConfigurationIsVisible = 0;
			defaultConfigurationName = Release;
		};
/* End XCConfigurationList section */
	};
	rootObject = 036518B126A5B67B00604A55 /* Project object */;
}
